// !$*UTF8*$!
{
	archiveVersion = 1;
	classes = {
	};
	objectVersion = 56;
	objects = {

/* Begin PBXBuildFile section */
		8B9AF5772916738D000E8AC2 /* AppDelegate.swift in Sources */ = {isa = PBXBuildFile; fileRef = 8B9AF5762916738D000E8AC2 /* AppDelegate.swift */; };
		8B9AF5792916738D000E8AC2 /* SceneDelegate.swift in Sources */ = {isa = PBXBuildFile; fileRef = 8B9AF5782916738D000E8AC2 /* SceneDelegate.swift */; };
		8B9AF57E2916738D000E8AC2 /* Main.storyboard in Resources */ = {isa = PBXBuildFile; fileRef = 8B9AF57C2916738D000E8AC2 /* Main.storyboard */; };
		8B9AF5802916738E000E8AC2 /* Assets.xcassets in Resources */ = {isa = PBXBuildFile; fileRef = 8B9AF57F2916738E000E8AC2 /* Assets.xcassets */; };
		8B9AF5832916738E000E8AC2 /* LaunchScreen.storyboard in Resources */ = {isa = PBXBuildFile; fileRef = 8B9AF5812916738E000E8AC2 /* LaunchScreen.storyboard */; };
		8B9AF58F291676EF000E8AC2 /* MainViewController.swift in Sources */ = {isa = PBXBuildFile; fileRef = 8B9AF58E291676EF000E8AC2 /* MainViewController.swift */; };
		8B9AF59129167FE6000E8AC2 /* UserActionCell.swift in Sources */ = {isa = PBXBuildFile; fileRef = 8B9AF59029167FE6000E8AC2 /* UserActionCell.swift */; };
		8B9AF59429168954000E8AC2 /* CatsFact.swift in Sources */ = {isa = PBXBuildFile; fileRef = 8B9AF59329168954000E8AC2 /* CatsFact.swift */; };
/* End PBXBuildFile section */

/* Begin PBXFileReference section */
		8B9AF5732916738D000E8AC2 /* JSONparsing.app */ = {isa = PBXFileReference; explicitFileType = wrapper.application; includeInIndex = 0; path = JSONparsing.app; sourceTree = BUILT_PRODUCTS_DIR; };
		8B9AF5762916738D000E8AC2 /* AppDelegate.swift */ = {isa = PBXFileReference; lastKnownFileType = sourcecode.swift; path = AppDelegate.swift; sourceTree = "<group>"; };
		8B9AF5782916738D000E8AC2 /* SceneDelegate.swift */ = {isa = PBXFileReference; lastKnownFileType = sourcecode.swift; path = SceneDelegate.swift; sourceTree = "<group>"; };
		8B9AF57D2916738D000E8AC2 /* Base */ = {isa = PBXFileReference; lastKnownFileType = file.storyboard; name = Base; path = Base.lproj/Main.storyboard; sourceTree = "<group>"; };
		8B9AF57F2916738E000E8AC2 /* Assets.xcassets */ = {isa = PBXFileReference; lastKnownFileType = folder.assetcatalog; path = Assets.xcassets; sourceTree = "<group>"; };
		8B9AF5822916738E000E8AC2 /* Base */ = {isa = PBXFileReference; lastKnownFileType = file.storyboard; name = Base; path = Base.lproj/LaunchScreen.storyboard; sourceTree = "<group>"; };
		8B9AF5842916738E000E8AC2 /* Info.plist */ = {isa = PBXFileReference; lastKnownFileType = text.plist.xml; path = Info.plist; sourceTree = "<group>"; };
		8B9AF58E291676EF000E8AC2 /* MainViewController.swift */ = {isa = PBXFileReference; lastKnownFileType = sourcecode.swift; path = MainViewController.swift; sourceTree = "<group>"; };
		8B9AF59029167FE6000E8AC2 /* UserActionCell.swift */ = {isa = PBXFileReference; lastKnownFileType = sourcecode.swift; path = UserActionCell.swift; sourceTree = "<group>"; };
		8B9AF59329168954000E8AC2 /* CatsFact.swift */ = {isa = PBXFileReference; lastKnownFileType = sourcecode.swift; path = CatsFact.swift; sourceTree = "<group>"; };
/* End PBXFileReference section */

/* Begin PBXFrameworksBuildPhase section */
		8B9AF5702916738D000E8AC2 /* Frameworks */ = {
			isa = PBXFrameworksBuildPhase;
			buildActionMask = 2147483647;
			files = (
			);
			runOnlyForDeploymentPostprocessing = 0;
		};
/* End PBXFrameworksBuildPhase section */

/* Begin PBXGroup section */
		8B9AF56A2916738D000E8AC2 = {
			isa = PBXGroup;
			children = (
				8B9AF5752916738D000E8AC2 /* JSONparsing */,
				8B9AF57F2916738E000E8AC2 /* Assets.xcassets */,
				8B9AF5742916738D000E8AC2 /* Products */,
			);
			sourceTree = "<group>";
		};
		8B9AF5742916738D000E8AC2 /* Products */ = {
			isa = PBXGroup;
			children = (
				8B9AF5732916738D000E8AC2 /* JSONparsing.app */,
			);
			name = Products;
			sourceTree = "<group>";
		};
		8B9AF5752916738D000E8AC2 /* JSONparsing */ = {
			isa = PBXGroup;
			children = (
				8B9AF58B291673BF000E8AC2 /* ViewControllers */,
				8B9AF59229167FF0000E8AC2 /* Views */,
				8B9AF58D2916743D000E8AC2 /* Models */,
				8B9AF58C291673E8000E8AC2 /* Storyboards */,
				8B9AF58A291673B4000E8AC2 /* App */,
			);
			path = JSONparsing;
			sourceTree = "<group>";
		};
		8B9AF58A291673B4000E8AC2 /* App */ = {
			isa = PBXGroup;
			children = (
				8B9AF5762916738D000E8AC2 /* AppDelegate.swift */,
				8B9AF5782916738D000E8AC2 /* SceneDelegate.swift */,
				8B9AF5842916738E000E8AC2 /* Info.plist */,
			);
			path = App;
			sourceTree = "<group>";
		};
		8B9AF58B291673BF000E8AC2 /* ViewControllers */ = {
			isa = PBXGroup;
			children = (
				8B9AF58E291676EF000E8AC2 /* MainViewController.swift */,
			);
			path = ViewControllers;
			sourceTree = "<group>";
		};
		8B9AF58C291673E8000E8AC2 /* Storyboards */ = {
			isa = PBXGroup;
			children = (
				8B9AF57C2916738D000E8AC2 /* Main.storyboard */,
				8B9AF5812916738E000E8AC2 /* LaunchScreen.storyboard */,
			);
			path = Storyboards;
			sourceTree = "<group>";
		};
		8B9AF58D2916743D000E8AC2 /* Models */ = {
			isa = PBXGroup;
			children = (
				8B9AF59329168954000E8AC2 /* CatsFact.swift */,
			);
			path = Models;
			sourceTree = "<group>";
		};
		8B9AF59229167FF0000E8AC2 /* Views */ = {
			isa = PBXGroup;
			children = (
				8B9AF59029167FE6000E8AC2 /* UserActionCell.swift */,
			);
			name = Views;
			path = ..;
			sourceTree = "<group>";
		};
/* End PBXGroup section */

/* Begin PBXNativeTarget section */
		8B9AF5722916738D000E8AC2 /* JSONparsing */ = {
			isa = PBXNativeTarget;
			buildConfigurationList = 8B9AF5872916738E000E8AC2 /* Build configuration list for PBXNativeTarget "JSONparsing" */;
			buildPhases = (
				8B9AF56F2916738D000E8AC2 /* Sources */,
				8B9AF5702916738D000E8AC2 /* Frameworks */,
				8B9AF5712916738D000E8AC2 /* Resources */,
			);
			buildRules = (
			);
			dependencies = (
			);
			name = JSONparsing;
			productName = JSONparsing;
			productReference = 8B9AF5732916738D000E8AC2 /* JSONparsing.app */;
			productType = "com.apple.product-type.application";
		};
/* End PBXNativeTarget section */

/* Begin PBXProject section */
		8B9AF56B2916738D000E8AC2 /* Project object */ = {
			isa = PBXProject;
			attributes = {
				BuildIndependentTargetsInParallel = 1;
				LastSwiftUpdateCheck = 1400;
				LastUpgradeCheck = 1400;
				TargetAttributes = {
					8B9AF5722916738D000E8AC2 = {
						CreatedOnToolsVersion = 14.0.1;
					};
				};
			};
			buildConfigurationList = 8B9AF56E2916738D000E8AC2 /* Build configuration list for PBXProject "JSONparsing" */;
			compatibilityVersion = "Xcode 14.0";
			developmentRegion = en;
			hasScannedForEncodings = 0;
			knownRegions = (
				en,
				Base,
			);
			mainGroup = 8B9AF56A2916738D000E8AC2;
			productRefGroup = 8B9AF5742916738D000E8AC2 /* Products */;
			projectDirPath = "";
			projectRoot = "";
			targets = (
				8B9AF5722916738D000E8AC2 /* JSONparsing */,
			);
		};
/* End PBXProject section */

/* Begin PBXResourcesBuildPhase section */
		8B9AF5712916738D000E8AC2 /* Resources */ = {
			isa = PBXResourcesBuildPhase;
			buildActionMask = 2147483647;
			files = (
				8B9AF5832916738E000E8AC2 /* LaunchScreen.storyboard in Resources */,
				8B9AF5802916738E000E8AC2 /* Assets.xcassets in Resources */,
				8B9AF57E2916738D000E8AC2 /* Main.storyboard in Resources */,
			);
			runOnlyForDeploymentPostprocessing = 0;
		};
/* End PBXResourcesBuildPhase section */

/* Begin PBXSourcesBuildPhase section */
		8B9AF56F2916738D000E8AC2 /* Sources */ = {
			isa = PBXSourcesBuildPhase;
			buildActionMask = 2147483647;
			files = (
				8B9AF59129167FE6000E8AC2 /* UserActionCell.swift in Sources */,
				8B9AF5772916738D000E8AC2 /* AppDelegate.swift in Sources */,
				8B9AF5792916738D000E8AC2 /* SceneDelegate.swift in Sources */,
				8B9AF59429168954000E8AC2 /* CatsFact.swift in Sources */,
				8B9AF58F291676EF000E8AC2 /* MainViewController.swift in Sources */,
			);
			runOnlyForDeploymentPostprocessing = 0;
		};
/* End PBXSourcesBuildPhase section */

/* Begin PBXVariantGroup section */
		8B9AF57C2916738D000E8AC2 /* Main.storyboard */ = {
			isa = PBXVariantGroup;
			children = (
				8B9AF57D2916738D000E8AC2 /* Base */,
			);
			name = Main.storyboard;
			sourceTree = "<group>";
		};
		8B9AF5812916738E000E8AC2 /* LaunchScreen.storyboard */ = {
			isa = PBXVariantGroup;
			children = (
				8B9AF5822916738E000E8AC2 /* Base */,
			);
			name = LaunchScreen.storyboard;
			sourceTree = "<group>";
		};
/* End PBXVariantGroup section */

/* Begin XCBuildConfiguration section */
		8B9AF5852916738E000E8AC2 /* Debug */ = {
			isa = XCBuildConfiguration;
			buildSettings = {
				ALWAYS_SEARCH_USER_PATHS = NO;
				CLANG_ANALYZER_NONNULL = YES;
				CLANG_ANALYZER_NUMBER_OBJECT_CONVERSION = YES_AGGRESSIVE;
				CLANG_CXX_LANGUAGE_STANDARD = "gnu++20";
				CLANG_ENABLE_MODULES = YES;
				CLANG_ENABLE_OBJC_ARC = YES;
				CLANG_ENABLE_OBJC_WEAK = YES;
				CLANG_WARN_BLOCK_CAPTURE_AUTORELEASING = YES;
				CLANG_WARN_BOOL_CONVERSION = YES;
				CLANG_WARN_COMMA = YES;
				CLANG_WARN_CONSTANT_CONVERSION = YES;
				CLANG_WARN_DEPRECATED_OBJC_IMPLEMENTATIONS = YES;
				CLANG_WARN_DIRECT_OBJC_ISA_USAGE = YES_ERROR;
				CLANG_WARN_DOCUMENTATION_COMMENTS = YES;
				CLANG_WARN_EMPTY_BODY = YES;
				CLANG_WARN_ENUM_CONVERSION = YES;
				CLANG_WARN_INFINITE_RECURSION = YES;
				CLANG_WARN_INT_CONVERSION = YES;
				CLANG_WARN_NON_LITERAL_NULL_CONVERSION = YES;
				CLANG_WARN_OBJC_IMPLICIT_RETAIN_SELF = YES;
				CLANG_WARN_OBJC_LITERAL_CONVERSION = YES;
				CLANG_WARN_OBJC_ROOT_CLASS = YES_ERROR;
				CLANG_WARN_QUOTED_INCLUDE_IN_FRAMEWORK_HEADER = YES;
				CLANG_WARN_RANGE_LOOP_ANALYSIS = YES;
				CLANG_WARN_STRICT_PROTOTYPES = YES;
				CLANG_WARN_SUSPICIOUS_MOVE = YES;
				CLANG_WARN_UNGUARDED_AVAILABILITY = YES_AGGRESSIVE;
				CLANG_WARN_UNREACHABLE_CODE = YES;
				CLANG_WARN__DUPLICATE_METHOD_MATCH = YES;
				COPY_PHASE_STRIP = NO;
				DEBUG_INFORMATION_FORMAT = dwarf;
				ENABLE_STRICT_OBJC_MSGSEND = YES;
				ENABLE_TESTABILITY = YES;
				GCC_C_LANGUAGE_STANDARD = gnu11;
				GCC_DYNAMIC_NO_PIC = NO;
				GCC_NO_COMMON_BLOCKS = YES;
				GCC_OPTIMIZATION_LEVEL = 0;
				GCC_PREPROCESSOR_DEFINITIONS = (
					"DEBUG=1",
					"$(inherited)",
				);
				GCC_WARN_64_TO_32_BIT_CONVERSION = YES;
				GCC_WARN_ABOUT_RETURN_TYPE = YES_ERROR;
				GCC_WARN_UNDECLARED_SELECTOR = YES;
				GCC_WARN_UNINITIALIZED_AUTOS = YES_AGGRESSIVE;
				GCC_WARN_UNUSED_FUNCTION = YES;
				GCC_WARN_UNUSED_VARIABLE = YES;
				IPHONEOS_DEPLOYMENT_TARGET = 16.0;
				MTL_ENABLE_DEBUG_INFO = INCLUDE_SOURCE;
				MTL_FAST_MATH = YES;
				ONLY_ACTIVE_ARCH = YES;
				SDKROOT = iphoneos;
				SWIFT_ACTIVE_COMPILATION_CONDITIONS = DEBUG;
				SWIFT_OPTIMIZATION_LEVEL = "-Onone";
			};
			name = Debug;
		};
		8B9AF5862916738E000E8AC2 /* Release */ = {
			isa = XCBuildConfiguration;
			buildSettings = {
				ALWAYS_SEARCH_USER_PATHS = NO;
				CLANG_ANALYZER_NONNULL = YES;
				CLANG_ANALYZER_NUMBER_OBJECT_CONVERSION = YES_AGGRESSIVE;
				CLANG_CXX_LANGUAGE_STANDARD = "gnu++20";
				CLANG_ENABLE_MODULES = YES;
				CLANG_ENABLE_OBJC_ARC = YES;
				CLANG_ENABLE_OBJC_WEAK = YES;
				CLANG_WARN_BLOCK_CAPTURE_AUTORELEASING = YES;
				CLANG_WARN_BOOL_CONVERSION = YES;
				CLANG_WARN_COMMA = YES;
				CLANG_WARN_CONSTANT_CONVERSION = YES;
				CLANG_WARN_DEPRECATED_OBJC_IMPLEMENTATIONS = YES;
				CLANG_WARN_DIRECT_OBJC_ISA_USAGE = YES_ERROR;
				CLANG_WARN_DOCUMENTATION_COMMENTS = YES;
				CLANG_WARN_EMPTY_BODY = YES;
				CLANG_WARN_ENUM_CONVERSION = YES;
				CLANG_WARN_INFINITE_RECURSION = YES;
				CLANG_WARN_INT_CONVERSION = YES;
				CLANG_WARN_NON_LITERAL_NULL_CONVERSION = YES;
				CLANG_WARN_OBJC_IMPLICIT_RETAIN_SELF = YES;
				CLANG_WARN_OBJC_LITERAL_CONVERSION = YES;
				CLANG_WARN_OBJC_ROOT_CLASS = YES_ERROR;
				CLANG_WARN_QUOTED_INCLUDE_IN_FRAMEWORK_HEADER = YES;
				CLANG_WARN_RANGE_LOOP_ANALYSIS = YES;
				CLANG_WARN_STRICT_PROTOTYPES = YES;
				CLANG_WARN_SUSPICIOUS_MOVE = YES;
				CLANG_WARN_UNGUARDED_AVAILABILITY = YES_AGGRESSIVE;
				CLANG_WARN_UNREACHABLE_CODE = YES;
				CLANG_WARN__DUPLICATE_METHOD_MATCH = YES;
				COPY_PHASE_STRIP = NO;
				DEBUG_INFORMATION_FORMAT = "dwarf-with-dsym";
				ENABLE_NS_ASSERTIONS = NO;
				ENABLE_STRICT_OBJC_MSGSEND = YES;
				GCC_C_LANGUAGE_STANDARD = gnu11;
				GCC_NO_COMMON_BLOCKS = YES;
				GCC_WARN_64_TO_32_BIT_CONVERSION = YES;
				GCC_WARN_ABOUT_RETURN_TYPE = YES_ERROR;
				GCC_WARN_UNDECLARED_SELECTOR = YES;
				GCC_WARN_UNINITIALIZED_AUTOS = YES_AGGRESSIVE;
				GCC_WARN_UNUSED_FUNCTION = YES;
				GCC_WARN_UNUSED_VARIABLE = YES;
				IPHONEOS_DEPLOYMENT_TARGET = 16.0;
				MTL_ENABLE_DEBUG_INFO = NO;
				MTL_FAST_MATH = YES;
				SDKROOT = iphoneos;
				SWIFT_COMPILATION_MODE = wholemodule;
				SWIFT_OPTIMIZATION_LEVEL = "-O";
				VALIDATE_PRODUCT = YES;
			};
			name = Release;
		};
		8B9AF5882916738E000E8AC2 /* Debug */ = {
			isa = XCBuildConfiguration;
			buildSettings = {
				ASSETCATALOG_COMPILER_APPICON_NAME = AppIcon;
				ASSETCATALOG_COMPILER_GLOBAL_ACCENT_COLOR_NAME = AccentColor;
				CODE_SIGN_STYLE = Automatic;
				CURRENT_PROJECT_VERSION = 1;
				DEVELOPMENT_TEAM = N8Q8QKH896;
				GENERATE_INFOPLIST_FILE = YES;
				INFOPLIST_FILE = JSONparsing/App/Info.plist;
				INFOPLIST_KEY_UIApplicationSupportsIndirectInputEvents = YES;
				INFOPLIST_KEY_UILaunchStoryboardName = LaunchScreen;
				INFOPLIST_KEY_UIMainStoryboardFile = Main;
				INFOPLIST_KEY_UISupportedInterfaceOrientations_iPad = "UIInterfaceOrientationPortrait UIInterfaceOrientationPortraitUpsideDown UIInterfaceOrientationLandscapeLeft UIInterfaceOrientationLandscapeRight";
				INFOPLIST_KEY_UISupportedInterfaceOrientations_iPhone = "UIInterfaceOrientationPortrait UIInterfaceOrientationLandscapeLeft UIInterfaceOrientationLandscapeRight";
				LD_RUNPATH_SEARCH_PATHS = (
					"$(inherited)",
					"@executable_path/Frameworks",
				);
				MARKETING_VERSION = 1.0;
				PRODUCT_BUNDLE_IDENTIFIER = pptichka.JSONparsing;
				PRODUCT_NAME = "$(TARGET_NAME)";
				SUPPORTED_PLATFORMS = "iphoneos iphonesimulator";
				SUPPORTS_MACCATALYST = NO;
				SUPPORTS_MAC_DESIGNED_FOR_IPHONE_IPAD = NO;
				SWIFT_EMIT_LOC_STRINGS = YES;
				SWIFT_VERSION = 5.0;
				TARGETED_DEVICE_FAMILY = 1;
			};
			name = Debug;
		};
		8B9AF5892916738E000E8AC2 /* Release */ = {
			isa = XCBuildConfiguration;
			buildSettings = {
				ASSETCATALOG_COMPILER_APPICON_NAME = AppIcon;
				ASSETCATALOG_COMPILER_GLOBAL_ACCENT_COLOR_NAME = AccentColor;
				CODE_SIGN_STYLE = Automatic;
				CURRENT_PROJECT_VERSION = 1;
				DEVELOPMENT_TEAM = N8Q8QKH896;
				GENERATE_INFOPLIST_FILE = YES;
				INFOPLIST_FILE = JSONparsing/App/Info.plist;
				INFOPLIST_KEY_UIApplicationSupportsIndirectInputEvents = YES;
				INFOPLIST_KEY_UILaunchStoryboardName = LaunchScreen;
				INFOPLIST_KEY_UIMainStoryboardFile = Main;
				INFOPLIST_KEY_UISupportedInterfaceOrientations_iPad = "UIInterfaceOrientationPortrait UIInterfaceOrientationPortraitUpsideDown UIInterfaceOrientationLandscapeLeft UIInterfaceOrientationLandscapeRight";
				INFOPLIST_KEY_UISupportedInterfaceOrientations_iPhone = "UIInterfaceOrientationPortrait UIInterfaceOrientationLandscapeLeft UIInterfaceOrientationLandscapeRight";
				LD_RUNPATH_SEARCH_PATHS = (
					"$(inherited)",
					"@executable_path/Frameworks",
				);
				MARKETING_VERSION = 1.0;
				PRODUCT_BUNDLE_IDENTIFIER = pptichka.JSONparsing;
				PRODUCT_NAME = "$(TARGET_NAME)";
				SUPPORTED_PLATFORMS = "iphoneos iphonesimulator";
				SUPPORTS_MACCATALYST = NO;
				SUPPORTS_MAC_DESIGNED_FOR_IPHONE_IPAD = NO;
				SWIFT_EMIT_LOC_STRINGS = YES;
				SWIFT_VERSION = 5.0;
				TARGETED_DEVICE_FAMILY = 1;
			};
			name = Release;
		};
/* End XCBuildConfiguration section */

/* Begin XCConfigurationList section */
		8B9AF56E2916738D000E8AC2 /* Build configuration list for PBXProject "JSONparsing" */ = {
			isa = XCConfigurationList;
			buildConfigurations = (
				8B9AF5852916738E000E8AC2 /* Debug */,
				8B9AF5862916738E000E8AC2 /* Release */,
			);
			defaultConfigurationIsVisible = 0;
			defaultConfigurationName = Release;
		};
		8B9AF5872916738E000E8AC2 /* Build configuration list for PBXNativeTarget "JSONparsing" */ = {
			isa = XCConfigurationList;
			buildConfigurations = (
				8B9AF5882916738E000E8AC2 /* Debug */,
				8B9AF5892916738E000E8AC2 /* Release */,
			);
			defaultConfigurationIsVisible = 0;
			defaultConfigurationName = Release;
		};
/* End XCConfigurationList section */
	};
	rootObject = 8B9AF56B2916738D000E8AC2 /* Project object */;
}
